
Microsoft Visual Studio Solution File, Format Version 12.00
Project("{FAE04EC0-301F-11D3-BF4B-00C04F79EFBC}") = "FivemToolsLib.Client", "FivemToolsLib.Client\FivemToolsLib.Client.csproj", "{257B4A17-1ABC-420F-A2AF-93A1F9EDE19D}"
EndProject
Project("{FAE04EC0-301F-11D3-BF4B-00C04F79EFBC}") = "FivemToolsLib.Server", "FivemToolsLib.Server\FivemToolsLib.Server.csproj", "{484841F7-8528-460F-A7C1-5BE8468DF006}"
EndProject
Global
	GlobalSection(SolutionConfigurationPlatforms) = preSolution
		Debug|Any CPU = Debug|Any CPU
		Release|Any CPU = Release|Any CPU
	EndGlobalSection
	GlobalSection(ProjectConfigurationPlatforms) = postSolution
		{257B4A17-1ABC-420F-A2AF-93A1F9EDE19D}.Debug|Any CPU.ActiveCfg = Debug|Any CPU
		{257B4A17-1ABC-420F-A2AF-93A1F9EDE19D}.Debug|Any CPU.Build.0 = Debug|Any CPU
		{257B4A17-1ABC-420F-A2AF-93A1F9EDE19D}.Release|Any CPU.ActiveCfg = Release|Any CPU
		{257B4A17-1ABC-420F-A2AF-93A1F9EDE19D}.Release|Any CPU.Build.0 = Release|Any CPU
		{484841F7-8528-460F-A7C1-5BE8468DF006}.Debug|Any CPU.ActiveCfg = Debug|Any CPU
		{484841F7-8528-460F-A7C1-5BE8468DF006}.Debug|Any CPU.Build.0 = Debug|Any CPU
		{484841F7-8528-460F-A7C1-5BE8468DF006}.Release|Any CPU.ActiveCfg = Release|Any CPU
		{484841F7-8528-460F-A7C1-5BE8468DF006}.Release|Any CPU.Build.0 = Release|Any CPU
	EndGlobalSection
EndGlobal
